{
  "name": "thesmilepay-sdk-node",
  "version": "1.0.0",
  "lockfileVersion": 3,
  "requires": true,
  "packages": {
    "": {
      "name": "thesmilepay-sdk-node",
      "version": "1.0.0",
      "license": "ISC",
      "dependencies": {
        "data-fns": "^1.1.0",
        "moment": "^2.30.1",
        "uuid": "^9.0.1"
      }
    },
    "node_modules/data-fns": {
      "version": "1.1.0",
      "resolved": "https://registry.npmjs.org/data-fns/-/data-fns-1.1.0.tgz",
      "integrity": "sha512-/rJzdbnuY3DVgzqsfEfc+tJLuAKYaHzkUxSMRIU3dxKFeWGD/MGhrgAfuwSOmgfJ8enygztp9DeuvoSxauppIg==",
      "dependencies": {
        "unit-fns": "^0.1.6"
      },
      "engines": {
        "node": ">=10"
      }
    },
    "node_modules/moment": {
      "version": "2.30.1",
      "resolved": "https://registry.npmjs.org/moment/-/moment-2.30.1.tgz",
      "integrity": "sha512-uEmtNhbDOrWPFS+hdjFCBfy9f2YoyzRpwcl+DqpC6taX21FzsTLQVbMV/W7PzNSX6x/bhC1zA3c2UQ5NzH6how==",
      "engines": {
        "node": "*"
      }
    },
    "node_modules/unit-fns": {
      "version": "0.1.9",
      "resolved": "https://registry.npmjs.org/unit-fns/-/unit-fns-0.1.9.tgz",
      "integrity": "sha512-bxceIkc7n2icQmgQx8u3vX98ZBIcpL2YJDKIsWDFK7ZX1TTuLvtNWVNd9/oARCDHd7QQRzwc+zxabO0HSK8X0w==",
      "engines": {
        "node": ">=10"
      }
    },
    "node_modules/uuid": {
      "version": "9.0.1",
      "resolved": "https://registry.npmjs.org/uuid/-/uuid-9.0.1.tgz",
      "integrity": "sha512-b+1eJOlsR9K8HJpow9Ok3fiWOWSIcIzXodvv0rQjVoOVNpWMpxf1wZNpt4y9h10odCNrqnYp1OBzRktckBe3sA==",
      "funding": [
        "https://github.com/sponsors/broofa",
        "https://github.com/sponsors/ctavan"
      ],
      "bin": {
        "uuid": "dist/bin/uuid"
      }
    }
  }
}
